
Microsoft Visual Studio Solution File, Format Version 12.00
# Visual Studio Version 17
VisualStudioVersion = 17.6.33815.320
MinimumVisualStudioVersion = 10.0.40219.1
Project("{FAE04EC0-301F-11D3-BF4B-00C04F79EFBC}") = "ContactBookAutomatedUI-Tests", "ContactBookAutomatedUI-Tests.csproj", "{A56AB5B2-91A2-4328-B165-1236420F12AA}"
EndProject
Global
	GlobalSection(SolutionConfigurationPlatforms) = preSolution
		Debug|Any CPU = Debug|Any CPU
		Release|Any CPU = Release|Any CPU
	EndGlobalSection
	GlobalSection(ProjectConfigurationPlatforms) = postSolution
		{A56AB5B2-91A2-4328-B165-1236420F12AA}.Debug|Any CPU.ActiveCfg = Debug|Any CPU
		{A56AB5B2-91A2-4328-B165-1236420F12AA}.Debug|Any CPU.Build.0 = Debug|Any CPU
		{A56AB5B2-91A2-4328-B165-1236420F12AA}.Release|Any CPU.ActiveCfg = Release|Any CPU
		{A56AB5B2-91A2-4328-B165-1236420F12AA}.Release|Any CPU.Build.0 = Release|Any CPU
	EndGlobalSection
	GlobalSection(SolutionProperties) = preSolution
		HideSolutionNode = FALSE
	EndGlobalSection
	GlobalSection(ExtensibilityGlobals) = postSolution
		SolutionGuid = {B2641550-A1A1-41FF-A024-E5A41C6C6972}
	EndGlobalSection
EndGlobal
