
Microsoft Visual Studio Solution File, Format Version 12.00
# Visual Studio Version 16
VisualStudioVersion = 25.0.1705.6
MinimumVisualStudioVersion = 10.0.40219.1
Project("{FAE04EC0-301F-11D3-BF4B-00C04F79EFBC}") = "SeleniumBasicsWikiTests", "SeleniumBasicsWikiTests.csproj", "{B14DD3CA-7CE3-4D85-86C8-B84A8E6414F4}"
EndProject
Global
	GlobalSection(SolutionConfigurationPlatforms) = preSolution
		Debug|Any CPU = Debug|Any CPU
		Release|Any CPU = Release|Any CPU
	EndGlobalSection
	GlobalSection(ProjectConfigurationPlatforms) = postSolution
		{B14DD3CA-7CE3-4D85-86C8-B84A8E6414F4}.Debug|Any CPU.ActiveCfg = Debug|Any CPU
		{B14DD3CA-7CE3-4D85-86C8-B84A8E6414F4}.Debug|Any CPU.Build.0 = Debug|Any CPU
		{B14DD3CA-7CE3-4D85-86C8-B84A8E6414F4}.Release|Any CPU.ActiveCfg = Release|Any CPU
		{B14DD3CA-7CE3-4D85-86C8-B84A8E6414F4}.Release|Any CPU.Build.0 = Release|Any CPU
	EndGlobalSection
	GlobalSection(SolutionProperties) = preSolution
		HideSolutionNode = FALSE
	EndGlobalSection
	GlobalSection(ExtensibilityGlobals) = postSolution
		SolutionGuid = {5D42810D-0D45-4744-9BF5-CE48E6F44BFB}
	EndGlobalSection
EndGlobal
