
Microsoft Visual Studio Solution File, Format Version 12.00
# Visual Studio Version 17
VisualStudioVersion = 17.6.33815.320
MinimumVisualStudioVersion = 10.0.40219.1
Project("{FAE04EC0-301F-11D3-BF4B-00C04F79EFBC}") = "Data-Driven-Testing", "Data-Driven-Testing.csproj", "{6A22F1C7-A1BD-4519-AAE6-BD9B5FBFAAAF}"
EndProject
Global
	GlobalSection(SolutionConfigurationPlatforms) = preSolution
		Debug|Any CPU = Debug|Any CPU
		Release|Any CPU = Release|Any CPU
	EndGlobalSection
	GlobalSection(ProjectConfigurationPlatforms) = postSolution
		{6A22F1C7-A1BD-4519-AAE6-BD9B5FBFAAAF}.Debug|Any CPU.ActiveCfg = Debug|Any CPU
		{6A22F1C7-A1BD-4519-AAE6-BD9B5FBFAAAF}.Debug|Any CPU.Build.0 = Debug|Any CPU
		{6A22F1C7-A1BD-4519-AAE6-BD9B5FBFAAAF}.Release|Any CPU.ActiveCfg = Release|Any CPU
		{6A22F1C7-A1BD-4519-AAE6-BD9B5FBFAAAF}.Release|Any CPU.Build.0 = Release|Any CPU
	EndGlobalSection
	GlobalSection(SolutionProperties) = preSolution
		HideSolutionNode = FALSE
	EndGlobalSection
	GlobalSection(ExtensibilityGlobals) = postSolution
		SolutionGuid = {04756227-9773-43CC-84D2-FBE0637900A6}
	EndGlobalSection
EndGlobal
